
Microsoft Visual Studio Solution File, Format Version 12.00
Project("{FAE04EC0-301F-11D3-BF4B-00C04F79EFBC}") = "GuessTheNumber", "GuessTheNumber\GuessTheNumber.csproj", "{030C164A-4A39-43EA-BAD1-B50FDE73E1A7}"
EndProject
Project("{FAE04EC0-301F-11D3-BF4B-00C04F79EFBC}") = "GuessTheNumber.Tests", "GuessTheNumber.Tests\GuessTheNumber.Tests.csproj", "{A4FCC3A3-FA4D-4FC9-A7FC-8FA8EA4B3CBE}"
EndProject
Global
	GlobalSection(SolutionConfigurationPlatforms) = preSolution
		Debug|Any CPU = Debug|Any CPU
		Release|Any CPU = Release|Any CPU
	EndGlobalSection
	GlobalSection(ProjectConfigurationPlatforms) = postSolution
		{030C164A-4A39-43EA-BAD1-B50FDE73E1A7}.Debug|Any CPU.ActiveCfg = Debug|Any CPU
		{030C164A-4A39-43EA-BAD1-B50FDE73E1A7}.Debug|Any CPU.Build.0 = Debug|Any CPU
		{030C164A-4A39-43EA-BAD1-B50FDE73E1A7}.Release|Any CPU.ActiveCfg = Release|Any CPU
		{030C164A-4A39-43EA-BAD1-B50FDE73E1A7}.Release|Any CPU.Build.0 = Release|Any CPU
		{A4FCC3A3-FA4D-4FC9-A7FC-8FA8EA4B3CBE}.Debug|Any CPU.ActiveCfg = Debug|Any CPU
		{A4FCC3A3-FA4D-4FC9-A7FC-8FA8EA4B3CBE}.Debug|Any CPU.Build.0 = Debug|Any CPU
		{A4FCC3A3-FA4D-4FC9-A7FC-8FA8EA4B3CBE}.Release|Any CPU.ActiveCfg = Release|Any CPU
		{A4FCC3A3-FA4D-4FC9-A7FC-8FA8EA4B3CBE}.Release|Any CPU.Build.0 = Release|Any CPU
	EndGlobalSection
EndGlobal
